
Microsoft Visual Studio Solution File, Format Version 12.00
# Visual Studio Version 16
VisualStudioVersion = 16.0.31321.278
MinimumVisualStudioVersion = 10.0.40219.1
Project("{FAE04EC0-301F-11D3-BF4B-00C04F79EFBC}") = "burgerSystem", "burgerSystem\burgerSystem.csproj", "{8B7B11B9-86F5-49CF-A639-D22EA9F843B5}"
EndProject
Global
	GlobalSection(SolutionConfigurationPlatforms) = preSolution
		Debug|Any CPU = Debug|Any CPU
		Release|Any CPU = Release|Any CPU
	EndGlobalSection
	GlobalSection(ProjectConfigurationPlatforms) = postSolution
		{8B7B11B9-86F5-49CF-A639-D22EA9F843B5}.Debug|Any CPU.ActiveCfg = Debug|Any CPU
		{8B7B11B9-86F5-49CF-A639-D22EA9F843B5}.Debug|Any CPU.Build.0 = Debug|Any CPU
		{8B7B11B9-86F5-49CF-A639-D22EA9F843B5}.Release|Any CPU.ActiveCfg = Release|Any CPU
		{8B7B11B9-86F5-49CF-A639-D22EA9F843B5}.Release|Any CPU.Build.0 = Release|Any CPU
	EndGlobalSection
	GlobalSection(SolutionProperties) = preSolution
		HideSolutionNode = FALSE
	EndGlobalSection
	GlobalSection(ExtensibilityGlobals) = postSolution
		SolutionGuid = {AFAAB597-2276-4AA0-92EC-46FCC48E3A35}
	EndGlobalSection
EndGlobal
